
Microsoft Visual Studio Solution File, Format Version 12.00
# Visual Studio Version 17
VisualStudioVersion = 17.12.35527.113 d17.12
MinimumVisualStudioVersion = 10.0.40219.1
Project("{FAE04EC0-301F-11D3-BF4B-00C04F79EFBC}") = "ValentineQuiz", "ValentineQuiz\ValentineQuiz.csproj", "{AB25A98A-AE40-433D-A415-5F88D4F1ADED}"
EndProject
Project("{FAE04EC0-301F-11D3-BF4B-00C04F79EFBC}") = "ValentineQuiz.Core", "ValentineQuiz.Core\ValentineQuiz.Core.csproj", "{69AE63E7-A326-41F5-9C8F-026803DC88A7}"
EndProject
Project("{FAE04EC0-301F-11D3-BF4B-00C04F79EFBC}") = "ValentineQuiz.Infrastructure", "ValentineQuiz.Infrastructure\ValentineQuiz.Infrastructure.csproj", "{43D02F29-BA48-4190-BFA9-C17E94A895BB}"
EndProject
Global
	GlobalSection(SolutionConfigurationPlatforms) = preSolution
		Debug|Any CPU = Debug|Any CPU
		Release|Any CPU = Release|Any CPU
	EndGlobalSection
	GlobalSection(ProjectConfigurationPlatforms) = postSolution
		{AB25A98A-AE40-433D-A415-5F88D4F1ADED}.Debug|Any CPU.ActiveCfg = Debug|Any CPU
		{AB25A98A-AE40-433D-A415-5F88D4F1ADED}.Debug|Any CPU.Build.0 = Debug|Any CPU
		{AB25A98A-AE40-433D-A415-5F88D4F1ADED}.Release|Any CPU.ActiveCfg = Release|Any CPU
		{AB25A98A-AE40-433D-A415-5F88D4F1ADED}.Release|Any CPU.Build.0 = Release|Any CPU
		{69AE63E7-A326-41F5-9C8F-026803DC88A7}.Debug|Any CPU.ActiveCfg = Debug|Any CPU
		{69AE63E7-A326-41F5-9C8F-026803DC88A7}.Debug|Any CPU.Build.0 = Debug|Any CPU
		{69AE63E7-A326-41F5-9C8F-026803DC88A7}.Release|Any CPU.ActiveCfg = Release|Any CPU
		{69AE63E7-A326-41F5-9C8F-026803DC88A7}.Release|Any CPU.Build.0 = Release|Any CPU
		{43D02F29-BA48-4190-BFA9-C17E94A895BB}.Debug|Any CPU.ActiveCfg = Debug|Any CPU
		{43D02F29-BA48-4190-BFA9-C17E94A895BB}.Debug|Any CPU.Build.0 = Debug|Any CPU
		{43D02F29-BA48-4190-BFA9-C17E94A895BB}.Release|Any CPU.ActiveCfg = Release|Any CPU
		{43D02F29-BA48-4190-BFA9-C17E94A895BB}.Release|Any CPU.Build.0 = Release|Any CPU
	EndGlobalSection
	GlobalSection(SolutionProperties) = preSolution
		HideSolutionNode = FALSE
	EndGlobalSection
EndGlobal
